
Microsoft Visual Studio Solution File, Format Version 12.00
Project("{FAE04EC0-301F-11D3-BF4B-00C04F79EFBC}") = "ProjConsole", "ProjConsole\ProjConsole.csproj", "{CDA40DDF-D2FB-4803-A31B-C25D46701BF8}"
EndProject
Project("{FAE04EC0-301F-11D3-BF4B-00C04F79EFBC}") = "MatchGame", "MatchGame\MatchGame.csproj", "{56C0D0CB-E97B-4FDB-906A-010E83AE0714}"
EndProject
Project("{FAE04EC0-301F-11D3-BF4B-00C04F79EFBC}") = "ProjForms", "ProjForms\ProjForms.csproj", "{B7485D19-68A4-4E95-8607-25C2701A2CF1}"
EndProject
Global
	GlobalSection(SolutionConfigurationPlatforms) = preSolution
		Debug|Any CPU = Debug|Any CPU
		Release|Any CPU = Release|Any CPU
	EndGlobalSection
	GlobalSection(ProjectConfigurationPlatforms) = postSolution
		{CDA40DDF-D2FB-4803-A31B-C25D46701BF8}.Debug|Any CPU.ActiveCfg = Debug|Any CPU
		{CDA40DDF-D2FB-4803-A31B-C25D46701BF8}.Debug|Any CPU.Build.0 = Debug|Any CPU
		{CDA40DDF-D2FB-4803-A31B-C25D46701BF8}.Release|Any CPU.ActiveCfg = Release|Any CPU
		{CDA40DDF-D2FB-4803-A31B-C25D46701BF8}.Release|Any CPU.Build.0 = Release|Any CPU
		{56C0D0CB-E97B-4FDB-906A-010E83AE0714}.Debug|Any CPU.ActiveCfg = Debug|Any CPU
		{56C0D0CB-E97B-4FDB-906A-010E83AE0714}.Debug|Any CPU.Build.0 = Debug|Any CPU
		{56C0D0CB-E97B-4FDB-906A-010E83AE0714}.Release|Any CPU.ActiveCfg = Release|Any CPU
		{56C0D0CB-E97B-4FDB-906A-010E83AE0714}.Release|Any CPU.Build.0 = Release|Any CPU
		{B7485D19-68A4-4E95-8607-25C2701A2CF1}.Debug|Any CPU.ActiveCfg = Debug|Any CPU
		{B7485D19-68A4-4E95-8607-25C2701A2CF1}.Debug|Any CPU.Build.0 = Debug|Any CPU
		{B7485D19-68A4-4E95-8607-25C2701A2CF1}.Release|Any CPU.ActiveCfg = Release|Any CPU
		{B7485D19-68A4-4E95-8607-25C2701A2CF1}.Release|Any CPU.Build.0 = Release|Any CPU
	EndGlobalSection
EndGlobal
